// !$*UTF8*$!
{
	archiveVersion = 1;
	classes = {
	};
	objectVersion = 46;
	objects = {

/* Begin PBXBuildFile section */
		330178001D34FA870033BB4C /* KUGLKView.m in Sources */ = {isa = PBXBuildFile; fileRef = 330177FF1D34FA870033BB4C /* KUGLKView.m */; };
		330178011D34FA870033BB4C /* KUGLKView.m in Sources */ = {isa = PBXBuildFile; fileRef = 330177FF1D34FA870033BB4C /* KUGLKView.m */; };
		330178021D34FA870033BB4C /* KUGLKView.m in Sources */ = {isa = PBXBuildFile; fileRef = 330177FF1D34FA870033BB4C /* KUGLKView.m */; };
		331490931D448BDD0061CD50 /* KUSPHGLProgram.m in Sources */ = {isa = PBXBuildFile; fileRef = 331490921D448BDD0061CD50 /* KUSPHGLProgram.m */; };
		4D042C031BFC1AEE0003788F /* main.m in Sources */ = {isa = PBXBuildFile; fileRef = 4D042C021BFC1AEE0003788F /* main.m */; };
		4D042C061BFC1AEE0003788F /* AppDelegate.m in Sources */ = {isa = PBXBuildFile; fileRef = 4D042C051BFC1AEE0003788F /* AppDelegate.m */; };
		4D042C091BFC1AEE0003788F /* ViewController.m in Sources */ = {isa = PBXBuildFile; fileRef = 4D042C081BFC1AEE0003788F /* ViewController.m */; };
		4D042C0C1BFC1AEE0003788F /* Main.storyboard in Resources */ = {isa = PBXBuildFile; fileRef = 4D042C0A1BFC1AEE0003788F /* Main.storyboard */; };
		4D042C0E1BFC1AEE0003788F /* Assets.xcassets in Resources */ = {isa = PBXBuildFile; fileRef = 4D042C0D1BFC1AEE0003788F /* Assets.xcassets */; };
		4D042C111BFC1AEE0003788F /* LaunchScreen.storyboard in Resources */ = {isa = PBXBuildFile; fileRef = 4D042C0F1BFC1AEE0003788F /* LaunchScreen.storyboard */; };
		4D042C1C1BFC1AEF0003788F /* spritetestTests.m in Sources */ = {isa = PBXBuildFile; fileRef = 4D042C1B1BFC1AEF0003788F /* spritetestTests.m */; };
		4D042C271BFC1AEF0003788F /* spritetestUITests.m in Sources */ = {isa = PBXBuildFile; fileRef = 4D042C261BFC1AEF0003788F /* spritetestUITests.m */; };
		4DA181421BFEB9E600DEC92F /* MediaPlayer.framework in Frameworks */ = {isa = PBXBuildFile; fileRef = 4DA181411BFEB9E600DEC92F /* MediaPlayer.framework */; };
		4DA181491BFEDA0F00DEC92F /* AVFoundation.framework in Frameworks */ = {isa = PBXBuildFile; fileRef = 4DA181481BFEDA0F00DEC92F /* AVFoundation.framework */; };
		4DA1814B1BFEDA5E00DEC92F /* AVKit.framework in Frameworks */ = {isa = PBXBuildFile; fileRef = 4DA1814A1BFEDA5E00DEC92F /* AVKit.framework */; };
		4DA1815A1BFEE15F00DEC92F /* LTGLKView.m in Sources */ = {isa = PBXBuildFile; fileRef = 4DA181511BFEE15E00DEC92F /* LTGLKView.m */; };
		4DA1815B1BFEE15F00DEC92F /* SPHGLProgram.m in Sources */ = {isa = PBXBuildFile; fileRef = 4DA181571BFEE15F00DEC92F /* SPHGLProgram.m */; };
		4DF535351C015A8F005E2367 /* LTPlayerCore.m in Sources */ = {isa = PBXBuildFile; fileRef = 4DF535321C015A8F005E2367 /* LTPlayerCore.m */; };
		4DF535361C015A8F005E2367 /* LTPlayerDisplayView.m in Sources */ = {isa = PBXBuildFile; fileRef = 4DF535341C015A8F005E2367 /* LTPlayerDisplayView.m */; };
		4DF535391C0161FA005E2367 /* LTPanoramaPlayerCore.m in Sources */ = {isa = PBXBuildFile; fileRef = 4DF535381C0161FA005E2367 /* LTPanoramaPlayerCore.m */; };
		4DF5353C1C016444005E2367 /* LTPlayerItem.m in Sources */ = {isa = PBXBuildFile; fileRef = 4DF5353B1C016444005E2367 /* LTPlayerItem.m */; };
		D9F1E27E1F45490600D72107 /* LTGLKViewBarrel.m in Sources */ = {isa = PBXBuildFile; fileRef = D9F1E27B1F45490600D72107 /* LTGLKViewBarrel.m */; };
		D9F1E27F1F45490600D72107 /* LTGLKViewParameter.m in Sources */ = {isa = PBXBuildFile; fileRef = D9F1E27D1F45490600D72107 /* LTGLKViewParameter.m */; };
/* End PBXBuildFile section */

/* Begin PBXContainerItemProxy section */
		4D042C181BFC1AEF0003788F /* PBXContainerItemProxy */ = {
			isa = PBXContainerItemProxy;
			containerPortal = 4D042BF61BFC1AEE0003788F /* Project object */;
			proxyType = 1;
			remoteGlobalIDString = 4D042BFD1BFC1AEE0003788F;
			remoteInfo = spritetest;
		};
		4D042C231BFC1AEF0003788F /* PBXContainerItemProxy */ = {
			isa = PBXContainerItemProxy;
			containerPortal = 4D042BF61BFC1AEE0003788F /* Project object */;
			proxyType = 1;
			remoteGlobalIDString = 4D042BFD1BFC1AEE0003788F;
			remoteInfo = spritetest;
		};
/* End PBXContainerItemProxy section */

/* Begin PBXFileReference section */
		330177FE1D34FA870033BB4C /* KUGLKView.h */ = {isa = PBXFileReference; fileEncoding = 4; lastKnownFileType = sourcecode.c.h; path = KUGLKView.h; sourceTree = "<group>"; };
		330177FF1D34FA870033BB4C /* KUGLKView.m */ = {isa = PBXFileReference; fileEncoding = 4; lastKnownFileType = sourcecode.c.objc; path = KUGLKView.m; sourceTree = "<group>"; };
		330178031D34FF960033BB4C /* Sphere2.h */ = {isa = PBXFileReference; fileEncoding = 4; lastKnownFileType = sourcecode.c.h; path = Sphere2.h; sourceTree = "<group>"; };
		331490911D448BDD0061CD50 /* KUSPHGLProgram.h */ = {isa = PBXFileReference; fileEncoding = 4; lastKnownFileType = sourcecode.c.h; path = KUSPHGLProgram.h; sourceTree = "<group>"; };
		331490921D448BDD0061CD50 /* KUSPHGLProgram.m */ = {isa = PBXFileReference; fileEncoding = 4; lastKnownFileType = sourcecode.c.objc; path = KUSPHGLProgram.m; sourceTree = "<group>"; };
		4D042BFE1BFC1AEE0003788F /* spritetest.app */ = {isa = PBXFileReference; explicitFileType = wrapper.application; includeInIndex = 0; path = spritetest.app; sourceTree = BUILT_PRODUCTS_DIR; };
		4D042C021BFC1AEE0003788F /* main.m */ = {isa = PBXFileReference; lastKnownFileType = sourcecode.c.objc; path = main.m; sourceTree = "<group>"; };
		4D042C041BFC1AEE0003788F /* AppDelegate.h */ = {isa = PBXFileReference; lastKnownFileType = sourcecode.c.h; path = AppDelegate.h; sourceTree = "<group>"; };
		4D042C051BFC1AEE0003788F /* AppDelegate.m */ = {isa = PBXFileReference; lastKnownFileType = sourcecode.c.objc; path = AppDelegate.m; sourceTree = "<group>"; };
		4D042C071BFC1AEE0003788F /* ViewController.h */ = {isa = PBXFileReference; lastKnownFileType = sourcecode.c.h; path = ViewController.h; sourceTree = "<group>"; };
		4D042C081BFC1AEE0003788F /* ViewController.m */ = {isa = PBXFileReference; lastKnownFileType = sourcecode.c.objc; path = ViewController.m; sourceTree = "<group>"; };
		4D042C0B1BFC1AEE0003788F /* Base */ = {isa = PBXFileReference; lastKnownFileType = file.storyboard; name = Base; path = Base.lproj/Main.storyboard; sourceTree = "<group>"; };
		4D042C0D1BFC1AEE0003788F /* Assets.xcassets */ = {isa = PBXFileReference; lastKnownFileType = folder.assetcatalog; path = Assets.xcassets; sourceTree = "<group>"; };
		4D042C101BFC1AEE0003788F /* Base */ = {isa = PBXFileReference; lastKnownFileType = file.storyboard; name = Base; path = Base.lproj/LaunchScreen.storyboard; sourceTree = "<group>"; };
		4D042C121BFC1AEE0003788F /* Info.plist */ = {isa = PBXFileReference; lastKnownFileType = text.plist.xml; path = Info.plist; sourceTree = "<group>"; };
		4D042C171BFC1AEF0003788F /* spritetestTests.xctest */ = {isa = PBXFileReference; explicitFileType = wrapper.cfbundle; includeInIndex = 0; path = spritetestTests.xctest; sourceTree = BUILT_PRODUCTS_DIR; };
		4D042C1B1BFC1AEF0003788F /* spritetestTests.m */ = {isa = PBXFileReference; lastKnownFileType = sourcecode.c.objc; path = spritetestTests.m; sourceTree = "<group>"; };
		4D042C1D1BFC1AEF0003788F /* Info.plist */ = {isa = PBXFileReference; lastKnownFileType = text.plist.xml; path = Info.plist; sourceTree = "<group>"; };
		4D042C221BFC1AEF0003788F /* spritetestUITests.xctest */ = {isa = PBXFileReference; explicitFileType = wrapper.cfbundle; includeInIndex = 0; path = spritetestUITests.xctest; sourceTree = BUILT_PRODUCTS_DIR; };
		4D042C261BFC1AEF0003788F /* spritetestUITests.m */ = {isa = PBXFileReference; lastKnownFileType = sourcecode.c.objc; path = spritetestUITests.m; sourceTree = "<group>"; };
		4D042C281BFC1AEF0003788F /* Info.plist */ = {isa = PBXFileReference; lastKnownFileType = text.plist.xml; path = Info.plist; sourceTree = "<group>"; };
		4DA181411BFEB9E600DEC92F /* MediaPlayer.framework */ = {isa = PBXFileReference; lastKnownFileType = wrapper.framework; name = MediaPlayer.framework; path = System/Library/Frameworks/MediaPlayer.framework; sourceTree = SDKROOT; };
		4DA181481BFEDA0F00DEC92F /* AVFoundation.framework */ = {isa = PBXFileReference; lastKnownFileType = wrapper.framework; name = AVFoundation.framework; path = System/Library/Frameworks/AVFoundation.framework; sourceTree = SDKROOT; };
		4DA1814A1BFEDA5E00DEC92F /* AVKit.framework */ = {isa = PBXFileReference; lastKnownFileType = wrapper.framework; name = AVKit.framework; path = System/Library/Frameworks/AVKit.framework; sourceTree = SDKROOT; };
		4DA181501BFEE15E00DEC92F /* LTGLKView.h */ = {isa = PBXFileReference; fileEncoding = 4; lastKnownFileType = sourcecode.c.h; path = LTGLKView.h; sourceTree = "<group>"; };
		4DA181511BFEE15E00DEC92F /* LTGLKView.m */ = {isa = PBXFileReference; fileEncoding = 4; lastKnownFileType = sourcecode.c.objc; path = LTGLKView.m; sourceTree = "<group>"; };
		4DA181531BFEE15E00DEC92F /* Sphere.h */ = {isa = PBXFileReference; fileEncoding = 4; lastKnownFileType = sourcecode.c.h; path = Sphere.h; sourceTree = "<group>"; };
		4DA181561BFEE15F00DEC92F /* SPHGLProgram.h */ = {isa = PBXFileReference; fileEncoding = 4; lastKnownFileType = sourcecode.c.h; path = SPHGLProgram.h; sourceTree = "<group>"; };
		4DA181571BFEE15F00DEC92F /* SPHGLProgram.m */ = {isa = PBXFileReference; fileEncoding = 4; lastKnownFileType = sourcecode.c.objc; path = SPHGLProgram.m; sourceTree = "<group>"; };
		4DF535311C015A8F005E2367 /* LTPlayerCore.h */ = {isa = PBXFileReference; fileEncoding = 4; lastKnownFileType = sourcecode.c.h; path = LTPlayerCore.h; sourceTree = "<group>"; };
		4DF535321C015A8F005E2367 /* LTPlayerCore.m */ = {isa = PBXFileReference; fileEncoding = 4; lastKnownFileType = sourcecode.c.objc; path = LTPlayerCore.m; sourceTree = "<group>"; };
		4DF535331C015A8F005E2367 /* LTPlayerDisplayView.h */ = {isa = PBXFileReference; fileEncoding = 4; lastKnownFileType = sourcecode.c.h; path = LTPlayerDisplayView.h; sourceTree = "<group>"; };
		4DF535341C015A8F005E2367 /* LTPlayerDisplayView.m */ = {isa = PBXFileReference; fileEncoding = 4; lastKnownFileType = sourcecode.c.objc; path = LTPlayerDisplayView.m; sourceTree = "<group>"; };
		4DF535371C0161FA005E2367 /* LTPanoramaPlayerCore.h */ = {isa = PBXFileReference; fileEncoding = 4; lastKnownFileType = sourcecode.c.h; path = LTPanoramaPlayerCore.h; sourceTree = "<group>"; };
		4DF535381C0161FA005E2367 /* LTPanoramaPlayerCore.m */ = {isa = PBXFileReference; fileEncoding = 4; lastKnownFileType = sourcecode.c.objc; path = LTPanoramaPlayerCore.m; sourceTree = "<group>"; };
		4DF5353A1C016444005E2367 /* LTPlayerItem.h */ = {isa = PBXFileReference; fileEncoding = 4; lastKnownFileType = sourcecode.c.h; path = LTPlayerItem.h; sourceTree = "<group>"; };
		4DF5353B1C016444005E2367 /* LTPlayerItem.m */ = {isa = PBXFileReference; fileEncoding = 4; lastKnownFileType = sourcecode.c.objc; path = LTPlayerItem.m; sourceTree = "<group>"; };
		D9F1E27A1F45490600D72107 /* LTGLKViewBarrel.h */ = {isa = PBXFileReference; fileEncoding = 4; lastKnownFileType = sourcecode.c.h; path = LTGLKViewBarrel.h; sourceTree = "<group>"; };
		D9F1E27B1F45490600D72107 /* LTGLKViewBarrel.m */ = {isa = PBXFileReference; fileEncoding = 4; lastKnownFileType = sourcecode.c.objc; path = LTGLKViewBarrel.m; sourceTree = "<group>"; };
		D9F1E27C1F45490600D72107 /* LTGLKViewParameter.h */ = {isa = PBXFileReference; fileEncoding = 4; lastKnownFileType = sourcecode.c.h; path = LTGLKViewParameter.h; sourceTree = "<group>"; };
		D9F1E27D1F45490600D72107 /* LTGLKViewParameter.m */ = {isa = PBXFileReference; fileEncoding = 4; lastKnownFileType = sourcecode.c.objc; path = LTGLKViewParameter.m; sourceTree = "<group>"; };
/* End PBXFileReference section */

/* Begin PBXFrameworksBuildPhase section */
		4D042BFB1BFC1AEE0003788F /* Frameworks */ = {
			isa = PBXFrameworksBuildPhase;
			buildActionMask = 2147483647;
			files = (
				4DA1814B1BFEDA5E00DEC92F /* AVKit.framework in Frameworks */,
				4DA181491BFEDA0F00DEC92F /* AVFoundation.framework in Frameworks */,
				4DA181421BFEB9E600DEC92F /* MediaPlayer.framework in Frameworks */,
			);
			runOnlyForDeploymentPostprocessing = 0;
		};
		4D042C141BFC1AEF0003788F /* Frameworks */ = {
			isa = PBXFrameworksBuildPhase;
			buildActionMask = 2147483647;
			files = (
			);
			runOnlyForDeploymentPostprocessing = 0;
		};
		4D042C1F1BFC1AEF0003788F /* Frameworks */ = {
			isa = PBXFrameworksBuildPhase;
			buildActionMask = 2147483647;
			files = (
			);
			runOnlyForDeploymentPostprocessing = 0;
		};
/* End PBXFrameworksBuildPhase section */

/* Begin PBXGroup section */
		4D042BF51BFC1AEE0003788F = {
			isa = PBXGroup;
			children = (
				4DA1814A1BFEDA5E00DEC92F /* AVKit.framework */,
				4DA181481BFEDA0F00DEC92F /* AVFoundation.framework */,
				4DA181411BFEB9E600DEC92F /* MediaPlayer.framework */,
				4D042C001BFC1AEE0003788F /* spritetest */,
				4D042C1A1BFC1AEF0003788F /* spritetestTests */,
				4D042C251BFC1AEF0003788F /* spritetestUITests */,
				4D042BFF1BFC1AEE0003788F /* Products */,
			);
			sourceTree = "<group>";
		};
		4D042BFF1BFC1AEE0003788F /* Products */ = {
			isa = PBXGroup;
			children = (
				4D042BFE1BFC1AEE0003788F /* spritetest.app */,
				4D042C171BFC1AEF0003788F /* spritetestTests.xctest */,
				4D042C221BFC1AEF0003788F /* spritetestUITests.xctest */,
			);
			name = Products;
			sourceTree = "<group>";
		};
		4D042C001BFC1AEE0003788F /* spritetest */ = {
			isa = PBXGroup;
			children = (
				4DF535301C015A8F005E2367 /* playcore */,
				4DA1814F1BFEE15E00DEC92F /* Panorama */,
				4D042C041BFC1AEE0003788F /* AppDelegate.h */,
				4D042C051BFC1AEE0003788F /* AppDelegate.m */,
				4D042C071BFC1AEE0003788F /* ViewController.h */,
				4D042C081BFC1AEE0003788F /* ViewController.m */,
				4D042C0A1BFC1AEE0003788F /* Main.storyboard */,
				4D042C0D1BFC1AEE0003788F /* Assets.xcassets */,
				4D042C0F1BFC1AEE0003788F /* LaunchScreen.storyboard */,
				4D042C121BFC1AEE0003788F /* Info.plist */,
				4D042C011BFC1AEE0003788F /* Supporting Files */,
			);
			path = spritetest;
			sourceTree = "<group>";
		};
		4D042C011BFC1AEE0003788F /* Supporting Files */ = {
			isa = PBXGroup;
			children = (
				4D042C021BFC1AEE0003788F /* main.m */,
			);
			name = "Supporting Files";
			sourceTree = "<group>";
		};
		4D042C1A1BFC1AEF0003788F /* spritetestTests */ = {
			isa = PBXGroup;
			children = (
				4D042C1B1BFC1AEF0003788F /* spritetestTests.m */,
				4D042C1D1BFC1AEF0003788F /* Info.plist */,
			);
			path = spritetestTests;
			sourceTree = "<group>";
		};
		4D042C251BFC1AEF0003788F /* spritetestUITests */ = {
			isa = PBXGroup;
			children = (
				4D042C261BFC1AEF0003788F /* spritetestUITests.m */,
				4D042C281BFC1AEF0003788F /* Info.plist */,
			);
			path = spritetestUITests;
			sourceTree = "<group>";
		};
		4DA1814F1BFEE15E00DEC92F /* Panorama */ = {
			isa = PBXGroup;
			children = (
				D9F1E27A1F45490600D72107 /* LTGLKViewBarrel.h */,
				D9F1E27B1F45490600D72107 /* LTGLKViewBarrel.m */,
				D9F1E27C1F45490600D72107 /* LTGLKViewParameter.h */,
				D9F1E27D1F45490600D72107 /* LTGLKViewParameter.m */,
				330177FE1D34FA870033BB4C /* KUGLKView.h */,
				330177FF1D34FA870033BB4C /* KUGLKView.m */,
				4DA181501BFEE15E00DEC92F /* LTGLKView.h */,
				4DA181511BFEE15E00DEC92F /* LTGLKView.m */,
				4DA181521BFEE15E00DEC92F /* Model */,
				4DA181541BFEE15E00DEC92F /* OpenGL */,
			);
			path = Panorama;
			sourceTree = "<group>";
		};
		4DA181521BFEE15E00DEC92F /* Model */ = {
			isa = PBXGroup;
			children = (
				330178031D34FF960033BB4C /* Sphere2.h */,
				4DA181531BFEE15E00DEC92F /* Sphere.h */,
			);
			path = Model;
			sourceTree = "<group>";
		};
		4DA181541BFEE15E00DEC92F /* OpenGL */ = {
			isa = PBXGroup;
			children = (
				4DA181551BFEE15F00DEC92F /* Program */,
				4DA181581BFEE15F00DEC92F /* Shaders */,
				4DA181591BFEE15F00DEC92F /* TextureProvider */,
			);
			path = OpenGL;
			sourceTree = "<group>";
		};
		4DA181551BFEE15F00DEC92F /* Program */ = {
			isa = PBXGroup;
			children = (
				331490911D448BDD0061CD50 /* KUSPHGLProgram.h */,
				331490921D448BDD0061CD50 /* KUSPHGLProgram.m */,
				4DA181561BFEE15F00DEC92F /* SPHGLProgram.h */,
				4DA181571BFEE15F00DEC92F /* SPHGLProgram.m */,
			);
			path = Program;
			sourceTree = "<group>";
		};
		4DA181581BFEE15F00DEC92F /* Shaders */ = {
			isa = PBXGroup;
			children = (
			);
			path = Shaders;
			sourceTree = "<group>";
		};
		4DA181591BFEE15F00DEC92F /* TextureProvider */ = {
			isa = PBXGroup;
			children = (
			);
			path = TextureProvider;
			sourceTree = "<group>";
		};
		4DF535301C015A8F005E2367 /* playcore */ = {
			isa = PBXGroup;
			children = (
				4DF5353A1C016444005E2367 /* LTPlayerItem.h */,
				4DF5353B1C016444005E2367 /* LTPlayerItem.m */,
				4DF535371C0161FA005E2367 /* LTPanoramaPlayerCore.h */,
				4DF535381C0161FA005E2367 /* LTPanoramaPlayerCore.m */,
				4DF535311C015A8F005E2367 /* LTPlayerCore.h */,
				4DF535321C015A8F005E2367 /* LTPlayerCore.m */,
				4DF535331C015A8F005E2367 /* LTPlayerDisplayView.h */,
				4DF535341C015A8F005E2367 /* LTPlayerDisplayView.m */,
			);
			path = playcore;
			sourceTree = "<group>";
		};
/* End PBXGroup section */

/* Begin PBXNativeTarget section */
		4D042BFD1BFC1AEE0003788F /* spritetest */ = {
			isa = PBXNativeTarget;
			buildConfigurationList = 4D042C2B1BFC1AEF0003788F /* Build configuration list for PBXNativeTarget "spritetest" */;
			buildPhases = (
				4D042BFA1BFC1AEE0003788F /* Sources */,
				4D042BFB1BFC1AEE0003788F /* Frameworks */,
				4D042BFC1BFC1AEE0003788F /* Resources */,
			);
			buildRules = (
			);
			dependencies = (
			);
			name = spritetest;
			productName = spritetest;
			productReference = 4D042BFE1BFC1AEE0003788F /* spritetest.app */;
			productType = "com.apple.product-type.application";
		};
		4D042C161BFC1AEF0003788F /* spritetestTests */ = {
			isa = PBXNativeTarget;
			buildConfigurationList = 4D042C2E1BFC1AEF0003788F /* Build configuration list for PBXNativeTarget "spritetestTests" */;
			buildPhases = (
				4D042C131BFC1AEF0003788F /* Sources */,
				4D042C141BFC1AEF0003788F /* Frameworks */,
				4D042C151BFC1AEF0003788F /* Resources */,
			);
			buildRules = (
			);
			dependencies = (
				4D042C191BFC1AEF0003788F /* PBXTargetDependency */,
			);
			name = spritetestTests;
			productName = spritetestTests;
			productReference = 4D042C171BFC1AEF0003788F /* spritetestTests.xctest */;
			productType = "com.apple.product-type.bundle.unit-test";
		};
		4D042C211BFC1AEF0003788F /* spritetestUITests */ = {
			isa = PBXNativeTarget;
			buildConfigurationList = 4D042C311BFC1AEF0003788F /* Build configuration list for PBXNativeTarget "spritetestUITests" */;
			buildPhases = (
				4D042C1E1BFC1AEF0003788F /* Sources */,
				4D042C1F1BFC1AEF0003788F /* Frameworks */,
				4D042C201BFC1AEF0003788F /* Resources */,
			);
			buildRules = (
			);
			dependencies = (
				4D042C241BFC1AEF0003788F /* PBXTargetDependency */,
			);
			name = spritetestUITests;
			productName = spritetestUITests;
			productReference = 4D042C221BFC1AEF0003788F /* spritetestUITests.xctest */;
			productType = "com.apple.product-type.bundle.ui-testing";
		};
/* End PBXNativeTarget section */

/* Begin PBXProject section */
		4D042BF61BFC1AEE0003788F /* Project object */ = {
			isa = PBXProject;
			attributes = {
				LastUpgradeCheck = 0710;
				ORGANIZATIONNAME = 1223;
				TargetAttributes = {
					4D042BFD1BFC1AEE0003788F = {
						CreatedOnToolsVersion = 7.1;
						DevelopmentTeam = 9FLRJJB8TX;
						ProvisioningStyle = Manual;
					};
					4D042C161BFC1AEF0003788F = {
						CreatedOnToolsVersion = 7.1;
						TestTargetID = 4D042BFD1BFC1AEE0003788F;
					};
					4D042C211BFC1AEF0003788F = {
						CreatedOnToolsVersion = 7.1;
						TestTargetID = 4D042BFD1BFC1AEE0003788F;
					};
				};
			};
			buildConfigurationList = 4D042BF91BFC1AEE0003788F /* Build configuration list for PBXProject "spritetest" */;
			compatibilityVersion = "Xcode 3.2";
			developmentRegion = English;
			hasScannedForEncodings = 0;
			knownRegions = (
				en,
				Base,
			);
			mainGroup = 4D042BF51BFC1AEE0003788F;
			productRefGroup = 4D042BFF1BFC1AEE0003788F /* Products */;
			projectDirPath = "";
			projectRoot = "";
			targets = (
				4D042BFD1BFC1AEE0003788F /* spritetest */,
				4D042C161BFC1AEF0003788F /* spritetestTests */,
				4D042C211BFC1AEF0003788F /* spritetestUITests */,
			);
		};
/* End PBXProject section */

/* Begin PBXResourcesBuildPhase section */
		4D042BFC1BFC1AEE0003788F /* Resources */ = {
			isa = PBXResourcesBuildPhase;
			buildActionMask = 2147483647;
			files = (
				4D042C111BFC1AEE0003788F /* LaunchScreen.storyboard in Resources */,
				4D042C0E1BFC1AEE0003788F /* Assets.xcassets in Resources */,
				4D042C0C1BFC1AEE0003788F /* Main.storyboard in Resources */,
			);
			runOnlyForDeploymentPostprocessing = 0;
		};
		4D042C151BFC1AEF0003788F /* Resources */ = {
			isa = PBXResourcesBuildPhase;
			buildActionMask = 2147483647;
			files = (
			);
			runOnlyForDeploymentPostprocessing = 0;
		};
		4D042C201BFC1AEF0003788F /* Resources */ = {
			isa = PBXResourcesBuildPhase;
			buildActionMask = 2147483647;
			files = (
			);
			runOnlyForDeploymentPostprocessing = 0;
		};
/* End PBXResourcesBuildPhase section */

/* Begin PBXSourcesBuildPhase section */
		4D042BFA1BFC1AEE0003788F /* Sources */ = {
			isa = PBXSourcesBuildPhase;
			buildActionMask = 2147483647;
			files = (
				4D042C091BFC1AEE0003788F /* ViewController.m in Sources */,
				4DF535351C015A8F005E2367 /* LTPlayerCore.m in Sources */,
				4DF535391C0161FA005E2367 /* LTPanoramaPlayerCore.m in Sources */,
				4D042C061BFC1AEE0003788F /* AppDelegate.m in Sources */,
				4DA1815B1BFEE15F00DEC92F /* SPHGLProgram.m in Sources */,
				4DA1815A1BFEE15F00DEC92F /* LTGLKView.m in Sources */,
				331490931D448BDD0061CD50 /* KUSPHGLProgram.m in Sources */,
				D9F1E27E1F45490600D72107 /* LTGLKViewBarrel.m in Sources */,
				330178001D34FA870033BB4C /* KUGLKView.m in Sources */,
				4DF5353C1C016444005E2367 /* LTPlayerItem.m in Sources */,
				D9F1E27F1F45490600D72107 /* LTGLKViewParameter.m in Sources */,
				4DF535361C015A8F005E2367 /* LTPlayerDisplayView.m in Sources */,
				4D042C031BFC1AEE0003788F /* main.m in Sources */,
			);
			runOnlyForDeploymentPostprocessing = 0;
		};
		4D042C131BFC1AEF0003788F /* Sources */ = {
			isa = PBXSourcesBuildPhase;
			buildActionMask = 2147483647;
			files = (
				4D042C1C1BFC1AEF0003788F /* spritetestTests.m in Sources */,
				330178011D34FA870033BB4C /* KUGLKView.m in Sources */,
			);
			runOnlyForDeploymentPostprocessing = 0;
		};
		4D042C1E1BFC1AEF0003788F /* Sources */ = {
			isa = PBXSourcesBuildPhase;
			buildActionMask = 2147483647;
			files = (
				4D042C271BFC1AEF0003788F /* spritetestUITests.m in Sources */,
				330178021D34FA870033BB4C /* KUGLKView.m in Sources */,
			);
			runOnlyForDeploymentPostprocessing = 0;
		};
/* End PBXSourcesBuildPhase section */

/* Begin PBXTargetDependency section */
		4D042C191BFC1AEF0003788F /* PBXTargetDependency */ = {
			isa = PBXTargetDependency;
			target = 4D042BFD1BFC1AEE0003788F /* spritetest */;
			targetProxy = 4D042C181BFC1AEF0003788F /* PBXContainerItemProxy */;
		};
		4D042C241BFC1AEF0003788F /* PBXTargetDependency */ = {
			isa = PBXTargetDependency;
			target = 4D042BFD1BFC1AEE0003788F /* spritetest */;
			targetProxy = 4D042C231BFC1AEF0003788F /* PBXContainerItemProxy */;
		};
/* End PBXTargetDependency section */

/* Begin PBXVariantGroup section */
		4D042C0A1BFC1AEE0003788F /* Main.storyboard */ = {
			isa = PBXVariantGroup;
			children = (
				4D042C0B1BFC1AEE0003788F /* Base */,
			);
			name = Main.storyboard;
			sourceTree = "<group>";
		};
		4D042C0F1BFC1AEE0003788F /* LaunchScreen.storyboard */ = {
			isa = PBXVariantGroup;
			children = (
				4D042C101BFC1AEE0003788F /* Base */,
			);
			name = LaunchScreen.storyboard;
			sourceTree = "<group>";
		};
/* End PBXVariantGroup section */

/* Begin XCBuildConfiguration section */
		4D042C291BFC1AEF0003788F /* Debug */ = {
			isa = XCBuildConfiguration;
			buildSettings = {
				ALWAYS_SEARCH_USER_PATHS = NO;
				CLANG_CXX_LANGUAGE_STANDARD = "gnu++0x";
				CLANG_CXX_LIBRARY = "libc++";
				CLANG_ENABLE_MODULES = YES;
				CLANG_ENABLE_OBJC_ARC = YES;
				CLANG_WARN_BOOL_CONVERSION = YES;
				CLANG_WARN_CONSTANT_CONVERSION = YES;
				CLANG_WARN_DIRECT_OBJC_ISA_USAGE = YES_ERROR;
				CLANG_WARN_EMPTY_BODY = YES;
				CLANG_WARN_ENUM_CONVERSION = YES;
				CLANG_WARN_INT_CONVERSION = YES;
				CLANG_WARN_OBJC_ROOT_CLASS = YES_ERROR;
				CLANG_WARN_UNREACHABLE_CODE = YES;
				CLANG_WARN__DUPLICATE_METHOD_MATCH = YES;
				"CODE_SIGN_IDENTITY[sdk=iphoneos*]" = "iPhone Developer";
				COPY_PHASE_STRIP = NO;
				DEBUG_INFORMATION_FORMAT = dwarf;
				ENABLE_STRICT_OBJC_MSGSEND = YES;
				ENABLE_TESTABILITY = YES;
				GCC_C_LANGUAGE_STANDARD = gnu99;
				GCC_DYNAMIC_NO_PIC = NO;
				GCC_NO_COMMON_BLOCKS = YES;
				GCC_OPTIMIZATION_LEVEL = 0;
				GCC_PREPROCESSOR_DEFINITIONS = (
					"DEBUG=1",
					"$(inherited)",
				);
				GCC_WARN_64_TO_32_BIT_CONVERSION = YES;
				GCC_WARN_ABOUT_RETURN_TYPE = YES_ERROR;
				GCC_WARN_UNDECLARED_SELECTOR = YES;
				GCC_WARN_UNINITIALIZED_AUTOS = YES_AGGRESSIVE;
				GCC_WARN_UNUSED_FUNCTION = YES;
				GCC_WARN_UNUSED_VARIABLE = YES;
				IPHONEOS_DEPLOYMENT_TARGET = 9.1;
				MTL_ENABLE_DEBUG_INFO = YES;
				ONLY_ACTIVE_ARCH = YES;
				SDKROOT = iphoneos;
				TARGETED_DEVICE_FAMILY = "1,2";
			};
			name = Debug;
		};
		4D042C2A1BFC1AEF0003788F /* Release */ = {
			isa = XCBuildConfiguration;
			buildSettings = {
				ALWAYS_SEARCH_USER_PATHS = NO;
				CLANG_CXX_LANGUAGE_STANDARD = "gnu++0x";
				CLANG_CXX_LIBRARY = "libc++";
				CLANG_ENABLE_MODULES = YES;
				CLANG_ENABLE_OBJC_ARC = YES;
				CLANG_WARN_BOOL_CONVERSION = YES;
				CLANG_WARN_CONSTANT_CONVERSION = YES;
				CLANG_WARN_DIRECT_OBJC_ISA_USAGE = YES_ERROR;
				CLANG_WARN_EMPTY_BODY = YES;
				CLANG_WARN_ENUM_CONVERSION = YES;
				CLANG_WARN_INT_CONVERSION = YES;
				CLANG_WARN_OBJC_ROOT_CLASS = YES_ERROR;
				CLANG_WARN_UNREACHABLE_CODE = YES;
				CLANG_WARN__DUPLICATE_METHOD_MATCH = YES;
				"CODE_SIGN_IDENTITY[sdk=iphoneos*]" = "iPhone Developer";
				COPY_PHASE_STRIP = NO;
				DEBUG_INFORMATION_FORMAT = "dwarf-with-dsym";
				ENABLE_NS_ASSERTIONS = NO;
				ENABLE_STRICT_OBJC_MSGSEND = YES;
				GCC_C_LANGUAGE_STANDARD = gnu99;
				GCC_NO_COMMON_BLOCKS = YES;
				GCC_WARN_64_TO_32_BIT_CONVERSION = YES;
				GCC_WARN_ABOUT_RETURN_TYPE = YES_ERROR;
				GCC_WARN_UNDECLARED_SELECTOR = YES;
				GCC_WARN_UNINITIALIZED_AUTOS = YES_AGGRESSIVE;
				GCC_WARN_UNUSED_FUNCTION = YES;
				GCC_WARN_UNUSED_VARIABLE = YES;
				IPHONEOS_DEPLOYMENT_TARGET = 9.1;
				MTL_ENABLE_DEBUG_INFO = NO;
				SDKROOT = iphoneos;
				TARGETED_DEVICE_FAMILY = "1,2";
				VALIDATE_PRODUCT = YES;
			};
			name = Release;
		};
		4D042C2C1BFC1AEF0003788F /* Debug */ = {
			isa = XCBuildConfiguration;
			buildSettings = {
				ASSETCATALOG_COMPILER_APPICON_NAME = AppIcon;
				CODE_SIGN_IDENTITY = "iPhone Developer: Rui He (BC65R4RZ6N)";
				"CODE_SIGN_IDENTITY[sdk=iphoneos*]" = "iPhone Developer: Rui He (BC65R4RZ6N)";
				DEVELOPMENT_TEAM = 9FLRJJB8TX;
				INFOPLIST_FILE = spritetest/Info.plist;
				IPHONEOS_DEPLOYMENT_TARGET = 8.0;
				LD_RUNPATH_SEARCH_PATHS = "$(inherited) @executable_path/Frameworks";
				PRODUCT_BUNDLE_IDENTIFIER = com.tencent.tv.qie;
				PRODUCT_NAME = "$(TARGET_NAME)";
				PROVISIONING_PROFILE = "9f8a7598-4a36-40cc-b91b-24d57213c0b1";
				PROVISIONING_PROFILE_SPECIFIER = QIETVDevelopmentNEWNEW;
			};
			name = Debug;
		};
		4D042C2D1BFC1AEF0003788F /* Release */ = {
			isa = XCBuildConfiguration;
			buildSettings = {
				ASSETCATALOG_COMPILER_APPICON_NAME = AppIcon;
				CODE_SIGN_IDENTITY = "iPhone Developer: Rui He (BC65R4RZ6N)";
				"CODE_SIGN_IDENTITY[sdk=iphoneos*]" = "iPhone Developer: Rui He (BC65R4RZ6N)";
				DEVELOPMENT_TEAM = 9FLRJJB8TX;
				INFOPLIST_FILE = spritetest/Info.plist;
				IPHONEOS_DEPLOYMENT_TARGET = 8.0;
				LD_RUNPATH_SEARCH_PATHS = "$(inherited) @executable_path/Frameworks";
				PRODUCT_BUNDLE_IDENTIFIER = com.tencent.tv.qie;
				PRODUCT_NAME = "$(TARGET_NAME)";
				PROVISIONING_PROFILE = "9f8a7598-4a36-40cc-b91b-24d57213c0b1";
				PROVISIONING_PROFILE_SPECIFIER = QIETVDevelopmentNEWNEW;
			};
			name = Release;
		};
		4D042C2F1BFC1AEF0003788F /* Debug */ = {
			isa = XCBuildConfiguration;
			buildSettings = {
				BUNDLE_LOADER = "$(TEST_HOST)";
				INFOPLIST_FILE = spritetestTests/Info.plist;
				LD_RUNPATH_SEARCH_PATHS = "$(inherited) @executable_path/Frameworks @loader_path/Frameworks";
				PRODUCT_BUNDLE_IDENTIFIER = "-23.spritetestTests";
				PRODUCT_NAME = "$(TARGET_NAME)";
				TEST_HOST = "$(BUILT_PRODUCTS_DIR)/spritetest.app/spritetest";
			};
			name = Debug;
		};
		4D042C301BFC1AEF0003788F /* Release */ = {
			isa = XCBuildConfiguration;
			buildSettings = {
				BUNDLE_LOADER = "$(TEST_HOST)";
				INFOPLIST_FILE = spritetestTests/Info.plist;
				LD_RUNPATH_SEARCH_PATHS = "$(inherited) @executable_path/Frameworks @loader_path/Frameworks";
				PRODUCT_BUNDLE_IDENTIFIER = "-23.spritetestTests";
				PRODUCT_NAME = "$(TARGET_NAME)";
				TEST_HOST = "$(BUILT_PRODUCTS_DIR)/spritetest.app/spritetest";
			};
			name = Release;
		};
		4D042C321BFC1AEF0003788F /* Debug */ = {
			isa = XCBuildConfiguration;
			buildSettings = {
				INFOPLIST_FILE = spritetestUITests/Info.plist;
				LD_RUNPATH_SEARCH_PATHS = "$(inherited) @executable_path/Frameworks @loader_path/Frameworks";
				PRODUCT_BUNDLE_IDENTIFIER = "-23.spritetestUITests";
				PRODUCT_NAME = "$(TARGET_NAME)";
				TEST_TARGET_NAME = spritetest;
				USES_XCTRUNNER = YES;
			};
			name = Debug;
		};
		4D042C331BFC1AEF0003788F /* Release */ = {
			isa = XCBuildConfiguration;
			buildSettings = {
				INFOPLIST_FILE = spritetestUITests/Info.plist;
				LD_RUNPATH_SEARCH_PATHS = "$(inherited) @executable_path/Frameworks @loader_path/Frameworks";
				PRODUCT_BUNDLE_IDENTIFIER = "-23.spritetestUITests";
				PRODUCT_NAME = "$(TARGET_NAME)";
				TEST_TARGET_NAME = spritetest;
				USES_XCTRUNNER = YES;
			};
			name = Release;
		};
/* End XCBuildConfiguration section */

/* Begin XCConfigurationList section */
		4D042BF91BFC1AEE0003788F /* Build configuration list for PBXProject "spritetest" */ = {
			isa = XCConfigurationList;
			buildConfigurations = (
				4D042C291BFC1AEF0003788F /* Debug */,
				4D042C2A1BFC1AEF0003788F /* Release */,
			);
			defaultConfigurationIsVisible = 0;
			defaultConfigurationName = Release;
		};
		4D042C2B1BFC1AEF0003788F /* Build configuration list for PBXNativeTarget "spritetest" */ = {
			isa = XCConfigurationList;
			buildConfigurations = (
				4D042C2C1BFC1AEF0003788F /* Debug */,
				4D042C2D1BFC1AEF0003788F /* Release */,
			);
			defaultConfigurationIsVisible = 0;
			defaultConfigurationName = Release;
		};
		4D042C2E1BFC1AEF0003788F /* Build configuration list for PBXNativeTarget "spritetestTests" */ = {
			isa = XCConfigurationList;
			buildConfigurations = (
				4D042C2F1BFC1AEF0003788F /* Debug */,
				4D042C301BFC1AEF0003788F /* Release */,
			);
			defaultConfigurationIsVisible = 0;
			defaultConfigurationName = Release;
		};
		4D042C311BFC1AEF0003788F /* Build configuration list for PBXNativeTarget "spritetestUITests" */ = {
			isa = XCConfigurationList;
			buildConfigurations = (
				4D042C321BFC1AEF0003788F /* Debug */,
				4D042C331BFC1AEF0003788F /* Release */,
			);
			defaultConfigurationIsVisible = 0;
			defaultConfigurationName = Release;
		};
/* End XCConfigurationList section */
	};
	rootObject = 4D042BF61BFC1AEE0003788F /* Project object */;
}
